github.com/ajg/form v1.5.1/go.mod h1:uL1WgH+h2mgNtvBq0339dVnzXdBETtL2LeUXaIv25UY=
github.com/ajg/form v1.9.0 h1:S01Z5HQq9ukm7hu1Kd7iWDN+e5mtLo+Xo3Uj+aj2UZc=
github.com/ajg/form v1.9.0/go.mod h1:HL757PzLyNkj5AIfptT6L+iGNeXTlnrr/oDePGc/y7Q=
github.com/coder/websocket v1.8.15 h1:6B2JPeOGlpff2Uz6vOEH1Vzpi0iUz20A+lPVhPHtNUA=
github.com/coder/websocket v1.8.15/go.mod h1:NX3SzP+inril6yawo5CQXx8+fk145lPDC6pumgx0mVg=
github.com/fsnotify/fsnotify v1.10.1 h1:b0/UzAf9yR5rhf3RPm9gf3ehBPpf0oZKIjtpKrx59Ho=
github.com/fsnotify/fsnotify v1.10.1/go.mod h1:TLheqan6HD6GBK6PrDWyDPBaEV8LspOxvPSjC+bVfgo=
github.com/go-chi/chi/v5 v5.3.2 h1:5YQkICvTCSZ25hoRsyJazN0scjzKGiu4VAUc7H1o1nY=
github.com/go-chi/chi/v5 v5.3.2/go.mod h1:R+tYY2hNuVUUjxoPtqUdgBqevM9s9njzkTLutVsOCto=
github.com/go-chi/cors v1.2.2 h1:Jmey33TE+b+rB7fT8MUy1u0I4L+NARQlK6LhzKPSyQE=
github.com/go-chi/cors v1.2.2/go.mod h1:sSbTewc+6wYHBBCW7ytsFSn836hqM7JxpglAy2Vzc58=
github.com/go-chi/render v1.0.3 h1:AsXqd2a1/INaIfUSKq3G5uA8weYx20FOsM7uSoCyyt4=
github.com/go-chi/render v1.0.3/go.mod h1:/gr3hVkmYR0YlEy3LxCuVRFzEu9Ruok+gFqbIofjao0=
github.com/google/uuid v1.6.0 h1:NIvaJDMOsjHA8n1jAhLSgzrAzy1Hgr+hNrb57e+94F0=
github.com/google/uuid v1.6.0/go.mod h1:TIyPZe4MgqvfeYDBFedMoGGpEw/LqOeaOT+nhxU+yHo=
github.com/rogpeppe/go-internal v1.16.0 h1:O9DK+vNMDVGLr2BeZqmpLeMjiMNkuXfcqntWbZV6S5g=
github.com/rogpeppe/go-internal v1.16.0/go.mod h1:DrUVZyrJU+txYW5/1kwtXQSMFio52ZOxX7yM1VHvnxs=
github.com/rwxrob/bonzai v0.57.0 h1:Ic5lpgTefjJYTxV7QnDDcc+tcXFF+iXV9vp0hjbd+uU=
github.com/rwxrob/bonzai v0.57.0/go.mod h1:217QTdfv41+Dji8cAeko6oXcaPR9I31xvbOP9ksNx5U=
github.com/rwxrob/bonzai/cmds/help v0.9.0 h1:ZZd77xmbEQjltaCRWwW7aVATY/ACDlfTJ2fYMP2W0h0=
github.com/rwxrob/bonzai/cmds/help v0.9.0/go.mod h1:QTdk4FPaUZBdNpK8QmoPEeGdRMLRCITLfD9ZqyIVEWU=
github.com/rwxrob/bonzai/comp v0.10.0 h1:zwwIyK+YyxNNAUjNmo4NcVd/mnx0Mhs2MjulwulvVhc=
github.com/rwxrob/bonzai/comp v0.10.0/go.mod h1:+MNs1lxC9QSxyBp8AzefQ/wGN8X+kD3dxSY5x8s/qaA=
github.com/rwxrob/bonzai/ds v0.1.1 h1:yC+GoUH/5TPt86qJmQRsD8OHuODJoDt9UgkWQM8yPzA=
github.com/rwxrob/bonzai/ds v0.1.1/go.mod h1:lMfjt9r8FsBDSzzZ/VtFSNIKuwhPPf9sfDi9C3x6sFo=
github.com/rwxrob/bonzai/edit v0.1.1 h1:N1bDFMEg0Ev97qIG8GSYbt6Mp2wzvDoq6ZVFb9hPsRs=
github.com/rwxrob/bonzai/edit v0.1.1/go.mod h1:z4rQox+84e+mceLQYupSnr/sg2kK0xomrF7RR7/mv/4=
github.com/rwxrob/bonzai/fn v0.9.0 h1:8V5szq/rB5iYl+8YJjzI5kKXOkrnUdCCCHmCMqCghRQ=
github.com/rwxrob/bonzai/fn v0.9.0/go.mod h1:oTKXxqyfC279EUrinI2eYtsuAYXnDy/chtquKmcPhtk=
github.com/rwxrob/bonzai/futil v0.4.0 h1:z642Vf9M1XIF5bVOybv8+MSXmfQf4rdFDNUgq+CCtdk=
github.com/rwxrob/bonzai/futil v0.4.0/go.mod h1:wobk3a1WuYjgqYZ+ezbjNupCpqaYceF2441M/FSm9GM=
github.com/rwxrob/bonzai/is v0.3.0 h1:bTUkpx2cj4JlKoap6RKAqix12SAP2h9H+BhhxQysnhg=
github.com/rwxrob/bonzai/is v0.3.0/go.mod h1:nxuqAGGBVYyq3bwXI0cFEl0xoAFVUrSJE7QVw81A3u8=
github.com/rwxrob/bonzai/json v0.1.0 h1:TtXGLhe6eJTLtW/NjvgA73xjrl/Dcv1qYqktzLx2Ksk=
github.com/rwxrob/bonzai/json v0.1.0/go.mod h1:6gHFzs0Bjc8Ixv1VGRuO36YVO7Y9hSzjXj+DrMDqh7Y=
github.com/rwxrob/bonzai/mark v0.13.0 h1:3Q1IbZTzf82wmuDY5Ka/PB+E3DLEWG5fOaKhjmWkNAE=
github.com/rwxrob/bonzai/mark v0.13.0/go.mod h1:CubBGsqut+U5w5Ww2WNHZfxfD5xGi6SX53V2ZcwKgcE=
github.com/rwxrob/bonzai/mark/funcs v0.8.6 h1:NtU9AA+PjvC2wxoMwdkkmN1DlyLPpXSNJNzujhA09cg=
github.com/rwxrob/bonzai/mark/funcs v0.8.6/go.mod h1:vHy/0M887S9KoMSh007MmJdNG788jbmwGjo/FNdtRfk=
github.com/rwxrob/bonzai/persisters/inyaml v0.3.0 h1:pMbMdNzgfgSiy6k5IRVTdhmOsz7j6mJuIUQZTbYL9BE=
github.com/rwxrob/bonzai/persisters/inyaml v0.3.0/go.mod h1:EoWcGRLKfVCxWCrwnrJYSd+sIHqRZv4EFNkJMCpKlFk=
github.com/rwxrob/bonzai/run v0.7.0 h1:rP1GPxkLocijBVEs58duMymKTiyQfbthfoAh7VoThG0=
github.com/rwxrob/bonzai/run v0.7.0/go.mod h1:KhMNAJ3t78LDAHur60xiGA564UejG69PgV51k2QjXD8=
github.com/rwxrob/bonzai/scanner v0.1.0 h1:xPf5817Mt0lkm2GvygJIGBqq0sS7thvh5ceK3RjWhkQ=
github.com/rwxrob/bonzai/scanner v0.1.0/go.mod h1:JsWu2C9ytyKNzjYzDto89orF7iXk9qFXnOSh8ghAJQM=
github.com/rwxrob/bonzai/term v0.2.1 h1:MMJcZ+OQJIKYINWzrHImdJ3MHDlxd2liZ99uHaRZddw=
github.com/rwxrob/bonzai/term v0.2.1/go.mod h1:wjge/SBlsoVVMmMklnDb2uyeMFGxz7ouLwiJmEsv4Xw=
github.com/rwxrob/bonzai/to v0.6.1 h1:DvY2q6tXGv+vMRkf9l2zib1mbQUuHTsKpj/AxXGz0/k=
github.com/rwxrob/bonzai/to v0.6.1/go.mod h1:ProJOc9G7ucgJMeZ72YPMczPHNrlSeWxXXrjKZYZ2jU=
github.com/rwxrob/bonzai/uniq v0.1.0 h1:xOlTWnaotslv1I0Nc+3+qXHxecoxNSROo871S2m3cq4=
github.com/rwxrob/bonzai/uniq v0.1.0/go.mod h1:RsSPso5Dhs1tYEjhuVA4b8DM5l0pQPhGebm8Lx5XHc8=
github.com/rwxrob/bonzai/vars v0.13.0 h1:8Exj2o/YrS5sJkJwOPPebC27k3cqBtt0WZV/UAorlyY=
github.com/rwxrob/bonzai/vars v0.13.0/go.mod h1:LXKW2bHJ5anJhHFc7Gp26F83qyS0DjRnY3BClcZPlsE=
github.com/stretchr/objx v0.5.3 h1:jmXUvGomnU1o3W/V5h2VEradbpJDwGrzugQQvL0POH4=
github.com/stretchr/objx v0.5.3/go.mod h1:rDQraq+vQZU7Fde9LOZLr8Tax6zZvy4kuNKF+QYS+U0=
github.com/stretchr/testify v1.12.1 h1:EuwCh5fleGS7H32xRwO3wRGT7DxrDhLAT6FF8MpWDWE=
github.com/stretchr/testify v1.12.1/go.mod h1:MDEgiDPPsNp5cuIrHPPCyornHKgEVbtFUmoNlxoYthg=
go.uber.org/goleak v1.3.0 h1:2K3zAYmnTNqV73imy9J1T3WC+gmCePx2hEGkimedGto=
go.uber.org/goleak v1.3.0/go.mod h1:CoHD4mav9JJNrW/WLlf7HGZPjdw8EucARQHekz1X6bE=
go.uber.org/multierr v1.11.0 h1:blXXJkSxSSfBVBlC76pxqeO+LN3aDfLQo+309xJstO0=
go.uber.org/multierr v1.11.0/go.mod h1:20+QtiLqy0Nd6FdQB9TLXag12DsQkrbs3htMFfDN80Y=
go.uber.org/zap v1.28.0 h1:IZzaP1Fv73/T/pBMLk4VutPl36uNC+OSUh3JLG3FIjo=
go.uber.org/zap v1.28.0/go.mod h1:rDLpOi171uODNm/mxFcuYWxDsqWSAVkFdX4XojSKg/Q=
go.yaml.in/yaml/v3 v3.0.5 h1:N6y/pJk8buWs9NY5ERU2HSMfm+IuD/OtfdAnq6kESPw=
go.yaml.in/yaml/v3 v3.0.5/go.mod h1:HVTZu1O7/Vkt2N+BFy8Zza+lnLsABggaTM2ZpNIGuKg=
golang.org/x/crypto v0.55.0 h1:+KWHjbgOaAQ66dh/YlkZKHlz9ZUlq61AFirAR9ntP8M=
golang.org/x/crypto v0.55.0/go.mod h1:uq0V9dE/fzQuJtbnL+2EhWOE63vo164FY8xqEnV9xis=
golang.org/x/net v0.57.0 h1:K5+3DljvIuDG9/Jv9rvyMywYNFCQ9RSUY6OOTTkT+tE=
golang.org/x/net v0.57.0/go.mod h1:KpXc8iv+r3XplLAG/f7Jsf9RPszJzdR0f58q9vGOuEU=
golang.org/x/sys v0.47.0 h1:o7XGOvZQCADBQQ4Y7VNq2dRWQR7JmOUW8Kxx4ZsNgWs=
golang.org/x/sys v0.47.0/go.mod h1:4GL1E5IUh+htKOUEOaiffhrAeqysfVGipDYzABqnCmw=
golang.org/x/term v0.45.0 h1:NwWyBmoJCbfTHpxrWoZ9C6/VxOf7ic219I8xZZFdrf0=
golang.org/x/term v0.45.0/go.mod h1:9aqxs0blBcrm/n0L9QW0aRVD+ktan8ssZromtqJC43w=
golang.org/x/text v0.41.0 h1:vz/seA0lnX87Othu2f/0L24RcgrXD9/YFTSuGjj3rH8=
golang.org/x/text v0.41.0/go.mod h1:jvf1O8ajNzZqhSrQBPbutR/EB83Cc0CFrezNQIwbb5M=
gopkg.in/check.v1 v0.0.0-20161208181325-20d25e280405 h1:yhCVgyC4o1eVCa2tZl7eS0r+SDo693bJlVdllGtEeKM=
gopkg.in/check.v1 v0.0.0-20161208181325-20d25e280405/go.mod h1:Co6ibVJAznAaIkqp8huTwlJQCZ016jof/cbN4VW5Yz0=
gopkg.in/yaml.v3 v3.0.1 h1:fxVm/GzAzEWqLHuvctI91KS9hhNmmWOoWu0XTYJS7CA=
gopkg.in/yaml.v3 v3.0.1/go.mod h1:K4uyk7z7BCEPqu6E+C64Yfv1cQ7kz7rIZviUmN+EgEM=
